
Microsoft Visual Studio Solution File, Format Version 12.00
# Visual Studio Version 17
VisualStudioVersion = 17.2.32519.379
MinimumVisualStudioVersion = 10.0.40219.1
Project("{9A19103F-16F7-4668-BE54-9A1E7A4F7556}") = "SignalRAssignment", "SignalRAssignment\SignalRAssignment.csproj", "{D18F3222-8C84-4CA6-8C43-F3E9AEF04DC0}"
EndProject
Global
	GlobalSection(SolutionConfigurationPlatforms) = preSolution
		Debug|Any CPU = Debug|Any CPU
		Release|Any CPU = Release|Any CPU
	EndGlobalSection
	GlobalSection(ProjectConfigurationPlatforms) = postSolution
		{D18F3222-8C84-4CA6-8C43-F3E9AEF04DC0}.Debug|Any CPU.ActiveCfg = Debug|Any CPU
		{D18F3222-8C84-4CA6-8C43-F3E9AEF04DC0}.Debug|Any CPU.Build.0 = Debug|Any CPU
		{D18F3222-8C84-4CA6-8C43-F3E9AEF04DC0}.Release|Any CPU.ActiveCfg = Release|Any CPU
		{D18F3222-8C84-4CA6-8C43-F3E9AEF04DC0}.Release|Any CPU.Build.0 = Release|Any CPU
	EndGlobalSection
	GlobalSection(SolutionProperties) = preSolution
		HideSolutionNode = FALSE
	EndGlobalSection
	GlobalSection(ExtensibilityGlobals) = postSolution
		SolutionGuid = {8BAC14AA-0FA8-44F1-A056-6ED63E37480C}
	EndGlobalSection
EndGlobal
